# This file is autogenerated, do not edit; changes may be undone by the next 'dep ensure'.


[[projects]]
  name = "github.com/inconshreveable/mousetrap"
  packages = ["."]
  revision = "76626ae9c91c4f2a10f34cad8ce83ea42c93bb75"
  version = "v1.0"

[[projects]]
  branch = "master"
  name = "github.com/mailru/easyjson"
  packages = [".","buffer","jlexer","jwriter"]
  revision = "32fa128f234d041f196a9f3e0fea5ac9772c08e1"

[[projects]]
  name = "github.com/nathanwinther/go-uuid4"
  packages = ["."]
  revision = "9b1d4433089a055b8d97a74ab35820229fb77c3e"
  version = "v1.1"

[[projects]]
  name = "github.com/olivere/elastic"
  packages = [".","config","uritemplates"]
  revision = "2982cec1ae1eb496c4e6ec43b4136bedb977fec7"
  version = "v6.1.8"

[[projects]]
  name = "github.com/pkg/errors"
  packages = ["."]
  revision = "645ef00459ed84a119197bfb8d8205042c6df63d"
  version = "v0.8.0"

[[projects]]
  name = "github.com/spf13/cobra"
  packages = ["."]
  revision = "7b2c5ac9fc04fc5efafb60700713d4fa609b777b"
  version = "v0.0.1"

[[projects]]
  name = "github.com/spf13/pflag"
  packages = ["."]
  revision = "e57e3eeb33f795204c1ca35f56c44f83227c6e66"
  version = "v1.0.0"

[solve-meta]
  analyzer-name = "dep"
  analyzer-version = 1
  inputs-digest = "28593ad140e7fb23e7a1712db7520a5ed0435e35aee477bf16fd7b1e6ba96f65"
  solver-name = "gps-cdcl"
  solver-version = 1
